// !$*UTF8*$!
{
	archiveVersion = 1;
	classes = {
	};
	objectVersion = 50;
	objects = {

/* Begin PBXBuildFile section */
		0414E11C23FCEB4F0098E6E6 /* AppDelegate.swift in Sources */ = {isa = PBXBuildFile; fileRef = 0414E11B23FCEB4F0098E6E6 /* AppDelegate.swift */; };
		0414E11E23FCEB4F0098E6E6 /* SceneDelegate.swift in Sources */ = {isa = PBXBuildFile; fileRef = 0414E11D23FCEB4F0098E6E6 /* SceneDelegate.swift */; };
		0414E12023FCEB4F0098E6E6 /* ViewController.swift in Sources */ = {isa = PBXBuildFile; fileRef = 0414E11F23FCEB4F0098E6E6 /* ViewController.swift */; };
		0414E12323FCEB4F0098E6E6 /* Main.storyboard in Resources */ = {isa = PBXBuildFile; fileRef = 0414E12123FCEB4F0098E6E6 /* Main.storyboard */; };
		0414E12523FCEB510098E6E6 /* Assets.xcassets in Resources */ = {isa = PBXBuildFile; fileRef = 0414E12423FCEB510098E6E6 /* Assets.xcassets */; };
		0414E12823FCEB510098E6E6 /* LaunchScreen.storyboard in Resources */ = {isa = PBXBuildFile; fileRef = 0414E12623FCEB510098E6E6 /* LaunchScreen.storyboard */; };
/* End PBXBuildFile section */

/* Begin PBXFileReference section */
		0414E11823FCEB4F0098E6E6 /* ADWS-Lesson1.5.app */ = {isa = PBXFileReference; explicitFileType = wrapper.application; includeInIndex = 0; path = "ADWS-Lesson1.5.app"; sourceTree = BUILT_PRODUCTS_DIR; };
		0414E11B23FCEB4F0098E6E6 /* AppDelegate.swift */ = {isa = PBXFileReference; lastKnownFileType = sourcecode.swift; path = AppDelegate.swift; sourceTree = "<group>"; };
		0414E11D23FCEB4F0098E6E6 /* SceneDelegate.swift */ = {isa = PBXFileReference; lastKnownFileType = sourcecode.swift; path = SceneDelegate.swift; sourceTree = "<group>"; };
		0414E11F23FCEB4F0098E6E6 /* ViewController.swift */ = {isa = PBXFileReference; lastKnownFileType = sourcecode.swift; path = ViewController.swift; sourceTree = "<group>"; };
		0414E12223FCEB4F0098E6E6 /* Base */ = {isa = PBXFileReference; lastKnownFileType = file.storyboard; name = Base; path = Base.lproj/Main.storyboard; sourceTree = "<group>"; };
		0414E12423FCEB510098E6E6 /* Assets.xcassets */ = {isa = PBXFileReference; lastKnownFileType = folder.assetcatalog; path = Assets.xcassets; sourceTree = "<group>"; };
		0414E12723FCEB510098E6E6 /* Base */ = {isa = PBXFileReference; lastKnownFileType = file.storyboard; name = Base; path = Base.lproj/LaunchScreen.storyboard; sourceTree = "<group>"; };
		0414E12923FCEB510098E6E6 /* Info.plist */ = {isa = PBXFileReference; lastKnownFileType = text.plist.xml; path = Info.plist; sourceTree = "<group>"; };
/* End PBXFileReference section */

/* Begin PBXFrameworksBuildPhase section */
		0414E11523FCEB4F0098E6E6 /* Frameworks */ = {
			isa = PBXFrameworksBuildPhase;
			buildActionMask = 2147483647;
			files = (
			);
			runOnlyForDeploymentPostprocessing = 0;
		};
/* End PBXFrameworksBuildPhase section */

/* Begin PBXGroup section */
		0414E10F23FCEB4E0098E6E6 = {
			isa = PBXGroup;
			children = (
				0414E11A23FCEB4F0098E6E6 /* ADWS-Lesson1.5 */,
				0414E11923FCEB4F0098E6E6 /* Products */,
			);
			sourceTree = "<group>";
		};
		0414E11923FCEB4F0098E6E6 /* Products */ = {
			isa = PBXGroup;
			children = (
				0414E11823FCEB4F0098E6E6 /* ADWS-Lesson1.5.app */,
			);
			name = Products;
			sourceTree = "<group>";
		};
		0414E11A23FCEB4F0098E6E6 /* ADWS-Lesson1.5 */ = {
			isa = PBXGroup;
			children = (
				0414E11B23FCEB4F0098E6E6 /* AppDelegate.swift */,
				0414E11D23FCEB4F0098E6E6 /* SceneDelegate.swift */,
				0414E11F23FCEB4F0098E6E6 /* ViewController.swift */,
				0414E12123FCEB4F0098E6E6 /* Main.storyboard */,
				0414E12423FCEB510098E6E6 /* Assets.xcassets */,
				0414E12623FCEB510098E6E6 /* LaunchScreen.storyboard */,
				0414E12923FCEB510098E6E6 /* Info.plist */,
			);
			path = "ADWS-Lesson1.5";
			sourceTree = "<group>";
		};
/* End PBXGroup section */

/* Begin PBXNativeTarget section */
		0414E11723FCEB4F0098E6E6 /* ADWS-Lesson1.5 */ = {
			isa = PBXNativeTarget;
			buildConfigurationList = 0414E12C23FCEB510098E6E6 /* Build configuration list for PBXNativeTarget "ADWS-Lesson1.5" */;
			buildPhases = (
				0414E11423FCEB4F0098E6E6 /* Sources */,
				0414E11523FCEB4F0098E6E6 /* Frameworks */,
				0414E11623FCEB4F0098E6E6 /* Resources */,
			);
			buildRules = (
			);
			dependencies = (
			);
			name = "ADWS-Lesson1.5";
			productName = "ADWS-Lesson1.5";
			productReference = 0414E11823FCEB4F0098E6E6 /* ADWS-Lesson1.5.app */;
			productType = "com.apple.product-type.application";
		};
/* End PBXNativeTarget section */

/* Begin PBXProject section */
		0414E11023FCEB4E0098E6E6 /* Project object */ = {
			isa = PBXProject;
			attributes = {
				LastSwiftUpdateCheck = 1130;
				LastUpgradeCheck = 1130;
				ORGANIZATIONNAME = "Gera Volobuev";
				TargetAttributes = {
					0414E11723FCEB4F0098E6E6 = {
						CreatedOnToolsVersion = 11.3.1;
					};
				};
			};
			buildConfigurationList = 0414E11323FCEB4E0098E6E6 /* Build configuration list for PBXProject "ADWS-Lesson1.5" */;
			compatibilityVersion = "Xcode 9.3";
			developmentRegion = en;
			hasScannedForEncodings = 0;
			knownRegions = (
				en,
				Base,
			);
			mainGroup = 0414E10F23FCEB4E0098E6E6;
			productRefGroup = 0414E11923FCEB4F0098E6E6 /* Products */;
			projectDirPath = "";
			projectRoot = "";
			targets = (
				0414E11723FCEB4F0098E6E6 /* ADWS-Lesson1.5 */,
			);
		};
/* End PBXProject section */

/* Begin PBXResourcesBuildPhase section */
		0414E11623FCEB4F0098E6E6 /* Resources */ = {
			isa = PBXResourcesBuildPhase;
			buildActionMask = 2147483647;
			files = (
				0414E12823FCEB510098E6E6 /* LaunchScreen.storyboard in Resources */,
				0414E12523FCEB510098E6E6 /* Assets.xcassets in Resources */,
				0414E12323FCEB4F0098E6E6 /* Main.storyboard in Resources */,
			);
			runOnlyForDeploymentPostprocessing = 0;
		};
/* End PBXResourcesBuildPhase section */

/* Begin PBXSourcesBuildPhase section */
		0414E11423FCEB4F0098E6E6 /* Sources */ = {
			isa = PBXSourcesBuildPhase;
			buildActionMask = 2147483647;
			files = (
				0414E12023FCEB4F0098E6E6 /* ViewController.swift in Sources */,
				0414E11C23FCEB4F0098E6E6 /* AppDelegate.swift in Sources */,
				0414E11E23FCEB4F0098E6E6 /* SceneDelegate.swift in Sources */,
			);
			runOnlyForDeploymentPostprocessing = 0;
		};
/* End PBXSourcesBuildPhase section */

/* Begin PBXVariantGroup section */
		0414E12123FCEB4F0098E6E6 /* Main.storyboard */ = {
			isa = PBXVariantGroup;
			children = (
				0414E12223FCEB4F0098E6E6 /* Base */,
			);
			name = Main.storyboard;
			sourceTree = "<group>";
		};
		0414E12623FCEB510098E6E6 /* LaunchScreen.storyboard */ = {
			isa = PBXVariantGroup;
			children = (
				0414E12723FCEB510098E6E6 /* Base */,
			);
			name = LaunchScreen.storyboard;
			sourceTree = "<group>";
		};
/* End PBXVariantGroup section */

/* Begin XCBuildConfiguration section */
		0414E12A23FCEB510098E6E6 /* Debug */ = {
			isa = XCBuildConfiguration;
			buildSettings = {
				ALWAYS_SEARCH_USER_PATHS = NO;
				CLANG_ANALYZER_NONNULL = YES;
				CLANG_ANALYZER_NUMBER_OBJECT_CONVERSION = YES_AGGRESSIVE;
				CLANG_CXX_LANGUAGE_STANDARD = "gnu++14";
				CLANG_CXX_LIBRARY = "libc++";
				CLANG_ENABLE_MODULES = YES;
				CLANG_ENABLE_OBJC_ARC = YES;
				CLANG_ENABLE_OBJC_WEAK = YES;
				CLANG_WARN_BLOCK_CAPTURE_AUTORELEASING = YES;
				CLANG_WARN_BOOL_CONVERSION = YES;
				CLANG_WARN_COMMA = YES;
				CLANG_WARN_CONSTANT_CONVERSION = YES;
				CLANG_WARN_DEPRECATED_OBJC_IMPLEMENTATIONS = YES;
				CLANG_WARN_DIRECT_OBJC_ISA_USAGE = YES_ERROR;
				CLANG_WARN_DOCUMENTATION_COMMENTS = YES;
				CLANG_WARN_EMPTY_BODY = YES;
				CLANG_WARN_ENUM_CONVERSION = YES;
				CLANG_WARN_INFINITE_RECURSION = YES;
				CLANG_WARN_INT_CONVERSION = YES;
				CLANG_WARN_NON_LITERAL_NULL_CONVERSION = YES;
				CLANG_WARN_OBJC_IMPLICIT_RETAIN_SELF = YES;
				CLANG_WARN_OBJC_LITERAL_CONVERSION = YES;
				CLANG_WARN_OBJC_ROOT_CLASS = YES_ERROR;
				CLANG_WARN_RANGE_LOOP_ANALYSIS = YES;
				CLANG_WARN_STRICT_PROTOTYPES = YES;
				CLANG_WARN_SUSPICIOUS_MOVE = YES;
				CLANG_WARN_UNGUARDED_AVAILABILITY = YES_AGGRESSIVE;
				CLANG_WARN_UNREACHABLE_CODE = YES;
				CLANG_WARN__DUPLICATE_METHOD_MATCH = YES;
				COPY_PHASE_STRIP = NO;
				DEBUG_INFORMATION_FORMAT = dwarf;
				ENABLE_STRICT_OBJC_MSGSEND = YES;
				ENABLE_TESTABILITY = YES;
				GCC_C_LANGUAGE_STANDARD = gnu11;
				GCC_DYNAMIC_NO_PIC = NO;
				GCC_NO_COMMON_BLOCKS = YES;
				GCC_OPTIMIZATION_LEVEL = 0;
				GCC_PREPROCESSOR_DEFINITIONS = (
					"DEBUG=1",
					"$(inherited)",
				);
				GCC_WARN_64_TO_32_BIT_CONVERSION = YES;
				GCC_WARN_ABOUT_RETURN_TYPE = YES_ERROR;
				GCC_WARN_UNDECLARED_SELECTOR = YES;
				GCC_WARN_UNINITIALIZED_AUTOS = YES_AGGRESSIVE;
				GCC_WARN_UNUSED_FUNCTION = YES;
				GCC_WARN_UNUSED_VARIABLE = YES;
				IPHONEOS_DEPLOYMENT_TARGET = 13.2;
				MTL_ENABLE_DEBUG_INFO = INCLUDE_SOURCE;
				MTL_FAST_MATH = YES;
				ONLY_ACTIVE_ARCH = YES;
				SDKROOT = iphoneos;
				SWIFT_ACTIVE_COMPILATION_CONDITIONS = DEBUG;
				SWIFT_OPTIMIZATION_LEVEL = "-Onone";
			};
			name = Debug;
		};
		0414E12B23FCEB510098E6E6 /* Release */ = {
			isa = XCBuildConfiguration;
			buildSettings = {
				ALWAYS_SEARCH_USER_PATHS = NO;
				CLANG_ANALYZER_NONNULL = YES;
				CLANG_ANALYZER_NUMBER_OBJECT_CONVERSION = YES_AGGRESSIVE;
				CLANG_CXX_LANGUAGE_STANDARD = "gnu++14";
				CLANG_CXX_LIBRARY = "libc++";
				CLANG_ENABLE_MODULES = YES;
				CLANG_ENABLE_OBJC_ARC = YES;
				CLANG_ENABLE_OBJC_WEAK = YES;
				CLANG_WARN_BLOCK_CAPTURE_AUTORELEASING = YES;
				CLANG_WARN_BOOL_CONVERSION = YES;
				CLANG_WARN_COMMA = YES;
				CLANG_WARN_CONSTANT_CONVERSION = YES;
				CLANG_WARN_DEPRECATED_OBJC_IMPLEMENTATIONS = YES;
				CLANG_WARN_DIRECT_OBJC_ISA_USAGE = YES_ERROR;
				CLANG_WARN_DOCUMENTATION_COMMENTS = YES;
				CLANG_WARN_EMPTY_BODY = YES;
				CLANG_WARN_ENUM_CONVERSION = YES;
				CLANG_WARN_INFINITE_RECURSION = YES;
				CLANG_WARN_INT_CONVERSION = YES;
				CLANG_WARN_NON_LITERAL_NULL_CONVERSION = YES;
				CLANG_WARN_OBJC_IMPLICIT_RETAIN_SELF = YES;
				CLANG_WARN_OBJC_LITERAL_CONVERSION = YES;
				CLANG_WARN_OBJC_ROOT_CLASS = YES_ERROR;
				CLANG_WARN_RANGE_LOOP_ANALYSIS = YES;
				CLANG_WARN_STRICT_PROTOTYPES = YES;
				CLANG_WARN_SUSPICIOUS_MOVE = YES;
				CLANG_WARN_UNGUARDED_AVAILABILITY = YES_AGGRESSIVE;
				CLANG_WARN_UNREACHABLE_CODE = YES;
				CLANG_WARN__DUPLICATE_METHOD_MATCH = YES;
				COPY_PHASE_STRIP = NO;
				DEBUG_INFORMATION_FORMAT = "dwarf-with-dsym";
				ENABLE_NS_ASSERTIONS = NO;
				ENABLE_STRICT_OBJC_MSGSEND = YES;
				GCC_C_LANGUAGE_STANDARD = gnu11;
				GCC_NO_COMMON_BLOCKS = YES;
				GCC_WARN_64_TO_32_BIT_CONVERSION = YES;
				GCC_WARN_ABOUT_RETURN_TYPE = YES_ERROR;
				GCC_WARN_UNDECLARED_SELECTOR = YES;
				GCC_WARN_UNINITIALIZED_AUTOS = YES_AGGRESSIVE;
				GCC_WARN_UNUSED_FUNCTION = YES;
				GCC_WARN_UNUSED_VARIABLE = YES;
				IPHONEOS_DEPLOYMENT_TARGET = 13.2;
				MTL_ENABLE_DEBUG_INFO = NO;
				MTL_FAST_MATH = YES;
				SDKROOT = iphoneos;
				SWIFT_COMPILATION_MODE = wholemodule;
				SWIFT_OPTIMIZATION_LEVEL = "-O";
				VALIDATE_PRODUCT = YES;
			};
			name = Release;
		};
		0414E12D23FCEB510098E6E6 /* Debug */ = {
			isa = XCBuildConfiguration;
			buildSettings = {
				ASSETCATALOG_COMPILER_APPICON_NAME = AppIcon;
				CODE_SIGN_STYLE = Automatic;
				DEVELOPMENT_TEAM = PW6HFQMW7T;
				INFOPLIST_FILE = "ADWS-Lesson1.5/Info.plist";
				LD_RUNPATH_SEARCH_PATHS = (
					"$(inherited)",
					"@executable_path/Frameworks",
				);
				PRODUCT_BUNDLE_IDENTIFIER = "com.example.ADWS-Lesson1-5";
				PRODUCT_NAME = "$(TARGET_NAME)";
				SWIFT_VERSION = 5.0;
				TARGETED_DEVICE_FAMILY = "1,2";
			};
			name = Debug;
		};
		0414E12E23FCEB510098E6E6 /* Release */ = {
			isa = XCBuildConfiguration;
			buildSettings = {
				ASSETCATALOG_COMPILER_APPICON_NAME = AppIcon;
				CODE_SIGN_STYLE = Automatic;
				DEVELOPMENT_TEAM = PW6HFQMW7T;
				INFOPLIST_FILE = "ADWS-Lesson1.5/Info.plist";
				LD_RUNPATH_SEARCH_PATHS = (
					"$(inherited)",
					"@executable_path/Frameworks",
				);
				PRODUCT_BUNDLE_IDENTIFIER = "com.example.ADWS-Lesson1-5";
				PRODUCT_NAME = "$(TARGET_NAME)";
				SWIFT_VERSION = 5.0;
				TARGETED_DEVICE_FAMILY = "1,2";
			};
			name = Release;
		};
/* End XCBuildConfiguration section */

/* Begin XCConfigurationList section */
		0414E11323FCEB4E0098E6E6 /* Build configuration list for PBXProject "ADWS-Lesson1.5" */ = {
			isa = XCConfigurationList;
			buildConfigurations = (
				0414E12A23FCEB510098E6E6 /* Debug */,
				0414E12B23FCEB510098E6E6 /* Release */,
			);
			defaultConfigurationIsVisible = 0;
			defaultConfigurationName = Release;
		};
		0414E12C23FCEB510098E6E6 /* Build configuration list for PBXNativeTarget "ADWS-Lesson1.5" */ = {
			isa = XCConfigurationList;
			buildConfigurations = (
				0414E12D23FCEB510098E6E6 /* Debug */,
				0414E12E23FCEB510098E6E6 /* Release */,
			);
			defaultConfigurationIsVisible = 0;
			defaultConfigurationName = Release;
		};
/* End XCConfigurationList section */
	};
	rootObject = 0414E11023FCEB4E0098E6E6 /* Project object */;
}
