// !$*UTF8*$!
{
	archiveVersion = 1;
	classes = {
	};
	objectVersion = 50;
	objects = {

/* Begin PBXBuildFile section */
		04182C8F241F2D9F00430FDA /* AppDelegate.swift in Sources */ = {isa = PBXBuildFile; fileRef = 04182C8E241F2D9F00430FDA /* AppDelegate.swift */; };
		04182C91241F2D9F00430FDA /* art.scnassets in Resources */ = {isa = PBXBuildFile; fileRef = 04182C90241F2D9F00430FDA /* art.scnassets */; };
		04182C93241F2D9F00430FDA /* ViewController.swift in Sources */ = {isa = PBXBuildFile; fileRef = 04182C92241F2D9F00430FDA /* ViewController.swift */; };
		04182C96241F2D9F00430FDA /* Main.storyboard in Resources */ = {isa = PBXBuildFile; fileRef = 04182C94241F2D9F00430FDA /* Main.storyboard */; };
		04182C98241F2DA100430FDA /* Assets.xcassets in Resources */ = {isa = PBXBuildFile; fileRef = 04182C97241F2DA100430FDA /* Assets.xcassets */; };
		04182C9B241F2DA100430FDA /* LaunchScreen.storyboard in Resources */ = {isa = PBXBuildFile; fileRef = 04182C99241F2DA100430FDA /* LaunchScreen.storyboard */; };
		04182CE72421F0AC00430FDA /* SceneDelegate.swift in Sources */ = {isa = PBXBuildFile; fileRef = 04182CE62421F0AC00430FDA /* SceneDelegate.swift */; };
/* End PBXBuildFile section */

/* Begin PBXFileReference section */
		04182C8B241F2D9F00430FDA /* ARKit-Template.app */ = {isa = PBXFileReference; explicitFileType = wrapper.application; includeInIndex = 0; path = "ARKit-Template.app"; sourceTree = BUILT_PRODUCTS_DIR; };
		04182C8E241F2D9F00430FDA /* AppDelegate.swift */ = {isa = PBXFileReference; lastKnownFileType = sourcecode.swift; path = AppDelegate.swift; sourceTree = "<group>"; };
		04182C90241F2D9F00430FDA /* art.scnassets */ = {isa = PBXFileReference; lastKnownFileType = wrapper.scnassets; path = art.scnassets; sourceTree = "<group>"; };
		04182C92241F2D9F00430FDA /* ViewController.swift */ = {isa = PBXFileReference; lastKnownFileType = sourcecode.swift; path = ViewController.swift; sourceTree = "<group>"; };
		04182C95241F2D9F00430FDA /* Base */ = {isa = PBXFileReference; lastKnownFileType = file.storyboard; name = Base; path = Base.lproj/Main.storyboard; sourceTree = "<group>"; };
		04182C97241F2DA100430FDA /* Assets.xcassets */ = {isa = PBXFileReference; lastKnownFileType = folder.assetcatalog; path = Assets.xcassets; sourceTree = "<group>"; };
		04182C9A241F2DA100430FDA /* Base */ = {isa = PBXFileReference; lastKnownFileType = file.storyboard; name = Base; path = Base.lproj/LaunchScreen.storyboard; sourceTree = "<group>"; };
		04182C9C241F2DA100430FDA /* Info.plist */ = {isa = PBXFileReference; lastKnownFileType = text.plist.xml; path = Info.plist; sourceTree = "<group>"; };
		04182CE62421F0AC00430FDA /* SceneDelegate.swift */ = {isa = PBXFileReference; lastKnownFileType = sourcecode.swift; path = SceneDelegate.swift; sourceTree = "<group>"; };
/* End PBXFileReference section */

/* Begin PBXFrameworksBuildPhase section */
		04182C88241F2D9F00430FDA /* Frameworks */ = {
			isa = PBXFrameworksBuildPhase;
			buildActionMask = 2147483647;
			files = (
			);
			runOnlyForDeploymentPostprocessing = 0;
		};
/* End PBXFrameworksBuildPhase section */

/* Begin PBXGroup section */
		04182C82241F2D9F00430FDA = {
			isa = PBXGroup;
			children = (
				04182C8D241F2D9F00430FDA /* ARKit-Template */,
				04182C8C241F2D9F00430FDA /* Products */,
			);
			sourceTree = "<group>";
		};
		04182C8C241F2D9F00430FDA /* Products */ = {
			isa = PBXGroup;
			children = (
				04182C8B241F2D9F00430FDA /* ARKit-Template.app */,
			);
			name = Products;
			sourceTree = "<group>";
		};
		04182C8D241F2D9F00430FDA /* ARKit-Template */ = {
			isa = PBXGroup;
			children = (
				04182CE62421F0AC00430FDA /* SceneDelegate.swift */,
				04182C8E241F2D9F00430FDA /* AppDelegate.swift */,
				04182C90241F2D9F00430FDA /* art.scnassets */,
				04182C92241F2D9F00430FDA /* ViewController.swift */,
				04182C94241F2D9F00430FDA /* Main.storyboard */,
				04182C97241F2DA100430FDA /* Assets.xcassets */,
				04182C99241F2DA100430FDA /* LaunchScreen.storyboard */,
				04182C9C241F2DA100430FDA /* Info.plist */,
			);
			path = "ARKit-Template";
			sourceTree = "<group>";
		};
/* End PBXGroup section */

/* Begin PBXNativeTarget section */
		04182C8A241F2D9F00430FDA /* ARKit-Template */ = {
			isa = PBXNativeTarget;
			buildConfigurationList = 04182C9F241F2DA200430FDA /* Build configuration list for PBXNativeTarget "ARKit-Template" */;
			buildPhases = (
				04182C87241F2D9F00430FDA /* Sources */,
				04182C88241F2D9F00430FDA /* Frameworks */,
				04182C89241F2D9F00430FDA /* Resources */,
			);
			buildRules = (
			);
			dependencies = (
			);
			name = "ARKit-Template";
			productName = "ARKit-Template";
			productReference = 04182C8B241F2D9F00430FDA /* ARKit-Template.app */;
			productType = "com.apple.product-type.application";
		};
/* End PBXNativeTarget section */

/* Begin PBXProject section */
		04182C83241F2D9F00430FDA /* Project object */ = {
			isa = PBXProject;
			attributes = {
				LastSwiftUpdateCheck = 1130;
				LastUpgradeCheck = 1130;
				ORGANIZATIONNAME = "Gera Volobuev";
				TargetAttributes = {
					04182C8A241F2D9F00430FDA = {
						CreatedOnToolsVersion = 11.3.1;
					};
				};
			};
			buildConfigurationList = 04182C86241F2D9F00430FDA /* Build configuration list for PBXProject "ARKit-Template" */;
			compatibilityVersion = "Xcode 9.3";
			developmentRegion = en;
			hasScannedForEncodings = 0;
			knownRegions = (
				en,
				Base,
			);
			mainGroup = 04182C82241F2D9F00430FDA;
			productRefGroup = 04182C8C241F2D9F00430FDA /* Products */;
			projectDirPath = "";
			projectRoot = "";
			targets = (
				04182C8A241F2D9F00430FDA /* ARKit-Template */,
			);
		};
/* End PBXProject section */

/* Begin PBXResourcesBuildPhase section */
		04182C89241F2D9F00430FDA /* Resources */ = {
			isa = PBXResourcesBuildPhase;
			buildActionMask = 2147483647;
			files = (
				04182C91241F2D9F00430FDA /* art.scnassets in Resources */,
				04182C9B241F2DA100430FDA /* LaunchScreen.storyboard in Resources */,
				04182C98241F2DA100430FDA /* Assets.xcassets in Resources */,
				04182C96241F2D9F00430FDA /* Main.storyboard in Resources */,
			);
			runOnlyForDeploymentPostprocessing = 0;
		};
/* End PBXResourcesBuildPhase section */

/* Begin PBXSourcesBuildPhase section */
		04182C87241F2D9F00430FDA /* Sources */ = {
			isa = PBXSourcesBuildPhase;
			buildActionMask = 2147483647;
			files = (
				04182C93241F2D9F00430FDA /* ViewController.swift in Sources */,
				04182C8F241F2D9F00430FDA /* AppDelegate.swift in Sources */,
				04182CE72421F0AC00430FDA /* SceneDelegate.swift in Sources */,
			);
			runOnlyForDeploymentPostprocessing = 0;
		};
/* End PBXSourcesBuildPhase section */

/* Begin PBXVariantGroup section */
		04182C94241F2D9F00430FDA /* Main.storyboard */ = {
			isa = PBXVariantGroup;
			children = (
				04182C95241F2D9F00430FDA /* Base */,
			);
			name = Main.storyboard;
			sourceTree = "<group>";
		};
		04182C99241F2DA100430FDA /* LaunchScreen.storyboard */ = {
			isa = PBXVariantGroup;
			children = (
				04182C9A241F2DA100430FDA /* Base */,
			);
			name = LaunchScreen.storyboard;
			sourceTree = "<group>";
		};
/* End PBXVariantGroup section */

/* Begin XCBuildConfiguration section */
		04182C9D241F2DA200430FDA /* Debug */ = {
			isa = XCBuildConfiguration;
			buildSettings = {
				ALWAYS_SEARCH_USER_PATHS = NO;
				CLANG_ANALYZER_NONNULL = YES;
				CLANG_ANALYZER_NUMBER_OBJECT_CONVERSION = YES_AGGRESSIVE;
				CLANG_CXX_LANGUAGE_STANDARD = "gnu++14";
				CLANG_CXX_LIBRARY = "libc++";
				CLANG_ENABLE_MODULES = YES;
				CLANG_ENABLE_OBJC_ARC = YES;
				CLANG_ENABLE_OBJC_WEAK = YES;
				CLANG_WARN_BLOCK_CAPTURE_AUTORELEASING = YES;
				CLANG_WARN_BOOL_CONVERSION = YES;
				CLANG_WARN_COMMA = YES;
				CLANG_WARN_CONSTANT_CONVERSION = YES;
				CLANG_WARN_DEPRECATED_OBJC_IMPLEMENTATIONS = YES;
				CLANG_WARN_DIRECT_OBJC_ISA_USAGE = YES_ERROR;
				CLANG_WARN_DOCUMENTATION_COMMENTS = YES;
				CLANG_WARN_EMPTY_BODY = YES;
				CLANG_WARN_ENUM_CONVERSION = YES;
				CLANG_WARN_INFINITE_RECURSION = YES;
				CLANG_WARN_INT_CONVERSION = YES;
				CLANG_WARN_NON_LITERAL_NULL_CONVERSION = YES;
				CLANG_WARN_OBJC_IMPLICIT_RETAIN_SELF = YES;
				CLANG_WARN_OBJC_LITERAL_CONVERSION = YES;
				CLANG_WARN_OBJC_ROOT_CLASS = YES_ERROR;
				CLANG_WARN_RANGE_LOOP_ANALYSIS = YES;
				CLANG_WARN_STRICT_PROTOTYPES = YES;
				CLANG_WARN_SUSPICIOUS_MOVE = YES;
				CLANG_WARN_UNGUARDED_AVAILABILITY = YES_AGGRESSIVE;
				CLANG_WARN_UNREACHABLE_CODE = YES;
				CLANG_WARN__DUPLICATE_METHOD_MATCH = YES;
				COPY_PHASE_STRIP = NO;
				DEBUG_INFORMATION_FORMAT = dwarf;
				ENABLE_STRICT_OBJC_MSGSEND = YES;
				ENABLE_TESTABILITY = YES;
				GCC_C_LANGUAGE_STANDARD = gnu11;
				GCC_DYNAMIC_NO_PIC = NO;
				GCC_NO_COMMON_BLOCKS = YES;
				GCC_OPTIMIZATION_LEVEL = 0;
				GCC_PREPROCESSOR_DEFINITIONS = (
					"DEBUG=1",
					"$(inherited)",
				);
				GCC_WARN_64_TO_32_BIT_CONVERSION = YES;
				GCC_WARN_ABOUT_RETURN_TYPE = YES_ERROR;
				GCC_WARN_UNDECLARED_SELECTOR = YES;
				GCC_WARN_UNINITIALIZED_AUTOS = YES_AGGRESSIVE;
				GCC_WARN_UNUSED_FUNCTION = YES;
				GCC_WARN_UNUSED_VARIABLE = YES;
				IPHONEOS_DEPLOYMENT_TARGET = 13.2;
				MTL_ENABLE_DEBUG_INFO = INCLUDE_SOURCE;
				MTL_FAST_MATH = YES;
				ONLY_ACTIVE_ARCH = YES;
				SDKROOT = iphoneos;
				SWIFT_ACTIVE_COMPILATION_CONDITIONS = DEBUG;
				SWIFT_OPTIMIZATION_LEVEL = "-Onone";
			};
			name = Debug;
		};
		04182C9E241F2DA200430FDA /* Release */ = {
			isa = XCBuildConfiguration;
			buildSettings = {
				ALWAYS_SEARCH_USER_PATHS = NO;
				CLANG_ANALYZER_NONNULL = YES;
				CLANG_ANALYZER_NUMBER_OBJECT_CONVERSION = YES_AGGRESSIVE;
				CLANG_CXX_LANGUAGE_STANDARD = "gnu++14";
				CLANG_CXX_LIBRARY = "libc++";
				CLANG_ENABLE_MODULES = YES;
				CLANG_ENABLE_OBJC_ARC = YES;
				CLANG_ENABLE_OBJC_WEAK = YES;
				CLANG_WARN_BLOCK_CAPTURE_AUTORELEASING = YES;
				CLANG_WARN_BOOL_CONVERSION = YES;
				CLANG_WARN_COMMA = YES;
				CLANG_WARN_CONSTANT_CONVERSION = YES;
				CLANG_WARN_DEPRECATED_OBJC_IMPLEMENTATIONS = YES;
				CLANG_WARN_DIRECT_OBJC_ISA_USAGE = YES_ERROR;
				CLANG_WARN_DOCUMENTATION_COMMENTS = YES;
				CLANG_WARN_EMPTY_BODY = YES;
				CLANG_WARN_ENUM_CONVERSION = YES;
				CLANG_WARN_INFINITE_RECURSION = YES;
				CLANG_WARN_INT_CONVERSION = YES;
				CLANG_WARN_NON_LITERAL_NULL_CONVERSION = YES;
				CLANG_WARN_OBJC_IMPLICIT_RETAIN_SELF = YES;
				CLANG_WARN_OBJC_LITERAL_CONVERSION = YES;
				CLANG_WARN_OBJC_ROOT_CLASS = YES_ERROR;
				CLANG_WARN_RANGE_LOOP_ANALYSIS = YES;
				CLANG_WARN_STRICT_PROTOTYPES = YES;
				CLANG_WARN_SUSPICIOUS_MOVE = YES;
				CLANG_WARN_UNGUARDED_AVAILABILITY = YES_AGGRESSIVE;
				CLANG_WARN_UNREACHABLE_CODE = YES;
				CLANG_WARN__DUPLICATE_METHOD_MATCH = YES;
				COPY_PHASE_STRIP = NO;
				DEBUG_INFORMATION_FORMAT = "dwarf-with-dsym";
				ENABLE_NS_ASSERTIONS = NO;
				ENABLE_STRICT_OBJC_MSGSEND = YES;
				GCC_C_LANGUAGE_STANDARD = gnu11;
				GCC_NO_COMMON_BLOCKS = YES;
				GCC_WARN_64_TO_32_BIT_CONVERSION = YES;
				GCC_WARN_ABOUT_RETURN_TYPE = YES_ERROR;
				GCC_WARN_UNDECLARED_SELECTOR = YES;
				GCC_WARN_UNINITIALIZED_AUTOS = YES_AGGRESSIVE;
				GCC_WARN_UNUSED_FUNCTION = YES;
				GCC_WARN_UNUSED_VARIABLE = YES;
				IPHONEOS_DEPLOYMENT_TARGET = 13.2;
				MTL_ENABLE_DEBUG_INFO = NO;
				MTL_FAST_MATH = YES;
				SDKROOT = iphoneos;
				SWIFT_COMPILATION_MODE = wholemodule;
				SWIFT_OPTIMIZATION_LEVEL = "-O";
				VALIDATE_PRODUCT = YES;
			};
			name = Release;
		};
		04182CA0241F2DA200430FDA /* Debug */ = {
			isa = XCBuildConfiguration;
			buildSettings = {
				ASSETCATALOG_COMPILER_APPICON_NAME = AppIcon;
				CODE_SIGN_STYLE = Automatic;
				DEVELOPMENT_TEAM = PW6HFQMW7T;
				INFOPLIST_FILE = "ARKit-Template/Info.plist";
				LD_RUNPATH_SEARCH_PATHS = (
					"$(inherited)",
					"@executable_path/Frameworks",
				);
				PRODUCT_BUNDLE_IDENTIFIER = "com.example-gera.ARKit-Template";
				PRODUCT_NAME = "$(TARGET_NAME)";
				SWIFT_VERSION = 5.0;
				TARGETED_DEVICE_FAMILY = "1,2";
			};
			name = Debug;
		};
		04182CA1241F2DA200430FDA /* Release */ = {
			isa = XCBuildConfiguration;
			buildSettings = {
				ASSETCATALOG_COMPILER_APPICON_NAME = AppIcon;
				CODE_SIGN_STYLE = Automatic;
				DEVELOPMENT_TEAM = PW6HFQMW7T;
				INFOPLIST_FILE = "ARKit-Template/Info.plist";
				LD_RUNPATH_SEARCH_PATHS = (
					"$(inherited)",
					"@executable_path/Frameworks",
				);
				PRODUCT_BUNDLE_IDENTIFIER = "com.example-gera.ARKit-Template";
				PRODUCT_NAME = "$(TARGET_NAME)";
				SWIFT_VERSION = 5.0;
				TARGETED_DEVICE_FAMILY = "1,2";
			};
			name = Release;
		};
/* End XCBuildConfiguration section */

/* Begin XCConfigurationList section */
		04182C86241F2D9F00430FDA /* Build configuration list for PBXProject "ARKit-Template" */ = {
			isa = XCConfigurationList;
			buildConfigurations = (
				04182C9D241F2DA200430FDA /* Debug */,
				04182C9E241F2DA200430FDA /* Release */,
			);
			defaultConfigurationIsVisible = 0;
			defaultConfigurationName = Release;
		};
		04182C9F241F2DA200430FDA /* Build configuration list for PBXNativeTarget "ARKit-Template" */ = {
			isa = XCConfigurationList;
			buildConfigurations = (
				04182CA0241F2DA200430FDA /* Debug */,
				04182CA1241F2DA200430FDA /* Release */,
			);
			defaultConfigurationIsVisible = 0;
			defaultConfigurationName = Release;
		};
/* End XCConfigurationList section */
	};
	rootObject = 04182C83241F2D9F00430FDA /* Project object */;
}
