// !$*UTF8*$!
{
	archiveVersion = 1;
	classes = {
	};
	objectVersion = 50;
	objects = {

/* Begin PBXBuildFile section */
		048A16DB240AB69700F758BA /* AppDelegate.swift in Sources */ = {isa = PBXBuildFile; fileRef = 048A16DA240AB69700F758BA /* AppDelegate.swift */; };
		048A16DD240AB69700F758BA /* SceneDelegate.swift in Sources */ = {isa = PBXBuildFile; fileRef = 048A16DC240AB69700F758BA /* SceneDelegate.swift */; };
		048A16DF240AB69700F758BA /* ViewController.swift in Sources */ = {isa = PBXBuildFile; fileRef = 048A16DE240AB69700F758BA /* ViewController.swift */; };
		048A16E2240AB69700F758BA /* Main.storyboard in Resources */ = {isa = PBXBuildFile; fileRef = 048A16E0240AB69700F758BA /* Main.storyboard */; };
		048A16E4240AB69900F758BA /* Assets.xcassets in Resources */ = {isa = PBXBuildFile; fileRef = 048A16E3240AB69900F758BA /* Assets.xcassets */; };
		048A16E7240AB69900F758BA /* LaunchScreen.storyboard in Resources */ = {isa = PBXBuildFile; fileRef = 048A16E5240AB69900F758BA /* LaunchScreen.storyboard */; };
/* End PBXBuildFile section */

/* Begin PBXFileReference section */
		048A16D7240AB69700F758BA /* AutoLayoutPractive.app */ = {isa = PBXFileReference; explicitFileType = wrapper.application; includeInIndex = 0; path = AutoLayoutPractive.app; sourceTree = BUILT_PRODUCTS_DIR; };
		048A16DA240AB69700F758BA /* AppDelegate.swift */ = {isa = PBXFileReference; lastKnownFileType = sourcecode.swift; path = AppDelegate.swift; sourceTree = "<group>"; };
		048A16DC240AB69700F758BA /* SceneDelegate.swift */ = {isa = PBXFileReference; lastKnownFileType = sourcecode.swift; path = SceneDelegate.swift; sourceTree = "<group>"; };
		048A16DE240AB69700F758BA /* ViewController.swift */ = {isa = PBXFileReference; lastKnownFileType = sourcecode.swift; path = ViewController.swift; sourceTree = "<group>"; };
		048A16E1240AB69700F758BA /* Base */ = {isa = PBXFileReference; lastKnownFileType = file.storyboard; name = Base; path = Base.lproj/Main.storyboard; sourceTree = "<group>"; };
		048A16E3240AB69900F758BA /* Assets.xcassets */ = {isa = PBXFileReference; lastKnownFileType = folder.assetcatalog; path = Assets.xcassets; sourceTree = "<group>"; };
		048A16E6240AB69900F758BA /* Base */ = {isa = PBXFileReference; lastKnownFileType = file.storyboard; name = Base; path = Base.lproj/LaunchScreen.storyboard; sourceTree = "<group>"; };
		048A16E8240AB69900F758BA /* Info.plist */ = {isa = PBXFileReference; lastKnownFileType = text.plist.xml; path = Info.plist; sourceTree = "<group>"; };
/* End PBXFileReference section */

/* Begin PBXFrameworksBuildPhase section */
		048A16D4240AB69700F758BA /* Frameworks */ = {
			isa = PBXFrameworksBuildPhase;
			buildActionMask = 2147483647;
			files = (
			);
			runOnlyForDeploymentPostprocessing = 0;
		};
/* End PBXFrameworksBuildPhase section */

/* Begin PBXGroup section */
		048A16CE240AB69700F758BA = {
			isa = PBXGroup;
			children = (
				048A16D9240AB69700F758BA /* AutoLayoutPractive */,
				048A16D8240AB69700F758BA /* Products */,
			);
			sourceTree = "<group>";
		};
		048A16D8240AB69700F758BA /* Products */ = {
			isa = PBXGroup;
			children = (
				048A16D7240AB69700F758BA /* AutoLayoutPractive.app */,
			);
			name = Products;
			sourceTree = "<group>";
		};
		048A16D9240AB69700F758BA /* AutoLayoutPractive */ = {
			isa = PBXGroup;
			children = (
				048A16DA240AB69700F758BA /* AppDelegate.swift */,
				048A16DC240AB69700F758BA /* SceneDelegate.swift */,
				048A16DE240AB69700F758BA /* ViewController.swift */,
				048A16E0240AB69700F758BA /* Main.storyboard */,
				048A16E3240AB69900F758BA /* Assets.xcassets */,
				048A16E5240AB69900F758BA /* LaunchScreen.storyboard */,
				048A16E8240AB69900F758BA /* Info.plist */,
			);
			path = AutoLayoutPractive;
			sourceTree = "<group>";
		};
/* End PBXGroup section */

/* Begin PBXNativeTarget section */
		048A16D6240AB69700F758BA /* AutoLayoutPractive */ = {
			isa = PBXNativeTarget;
			buildConfigurationList = 048A16EB240AB69900F758BA /* Build configuration list for PBXNativeTarget "AutoLayoutPractive" */;
			buildPhases = (
				048A16D3240AB69700F758BA /* Sources */,
				048A16D4240AB69700F758BA /* Frameworks */,
				048A16D5240AB69700F758BA /* Resources */,
			);
			buildRules = (
			);
			dependencies = (
			);
			name = AutoLayoutPractive;
			productName = AutoLayoutPractive;
			productReference = 048A16D7240AB69700F758BA /* AutoLayoutPractive.app */;
			productType = "com.apple.product-type.application";
		};
/* End PBXNativeTarget section */

/* Begin PBXProject section */
		048A16CF240AB69700F758BA /* Project object */ = {
			isa = PBXProject;
			attributes = {
				LastSwiftUpdateCheck = 1130;
				LastUpgradeCheck = 1130;
				ORGANIZATIONNAME = "Gera Volobuev";
				TargetAttributes = {
					048A16D6240AB69700F758BA = {
						CreatedOnToolsVersion = 11.3.1;
					};
				};
			};
			buildConfigurationList = 048A16D2240AB69700F758BA /* Build configuration list for PBXProject "AutoLayoutPractive" */;
			compatibilityVersion = "Xcode 9.3";
			developmentRegion = en;
			hasScannedForEncodings = 0;
			knownRegions = (
				en,
				Base,
			);
			mainGroup = 048A16CE240AB69700F758BA;
			productRefGroup = 048A16D8240AB69700F758BA /* Products */;
			projectDirPath = "";
			projectRoot = "";
			targets = (
				048A16D6240AB69700F758BA /* AutoLayoutPractive */,
			);
		};
/* End PBXProject section */

/* Begin PBXResourcesBuildPhase section */
		048A16D5240AB69700F758BA /* Resources */ = {
			isa = PBXResourcesBuildPhase;
			buildActionMask = 2147483647;
			files = (
				048A16E7240AB69900F758BA /* LaunchScreen.storyboard in Resources */,
				048A16E4240AB69900F758BA /* Assets.xcassets in Resources */,
				048A16E2240AB69700F758BA /* Main.storyboard in Resources */,
			);
			runOnlyForDeploymentPostprocessing = 0;
		};
/* End PBXResourcesBuildPhase section */

/* Begin PBXSourcesBuildPhase section */
		048A16D3240AB69700F758BA /* Sources */ = {
			isa = PBXSourcesBuildPhase;
			buildActionMask = 2147483647;
			files = (
				048A16DF240AB69700F758BA /* ViewController.swift in Sources */,
				048A16DB240AB69700F758BA /* AppDelegate.swift in Sources */,
				048A16DD240AB69700F758BA /* SceneDelegate.swift in Sources */,
			);
			runOnlyForDeploymentPostprocessing = 0;
		};
/* End PBXSourcesBuildPhase section */

/* Begin PBXVariantGroup section */
		048A16E0240AB69700F758BA /* Main.storyboard */ = {
			isa = PBXVariantGroup;
			children = (
				048A16E1240AB69700F758BA /* Base */,
			);
			name = Main.storyboard;
			sourceTree = "<group>";
		};
		048A16E5240AB69900F758BA /* LaunchScreen.storyboard */ = {
			isa = PBXVariantGroup;
			children = (
				048A16E6240AB69900F758BA /* Base */,
			);
			name = LaunchScreen.storyboard;
			sourceTree = "<group>";
		};
/* End PBXVariantGroup section */

/* Begin XCBuildConfiguration section */
		048A16E9240AB69900F758BA /* Debug */ = {
			isa = XCBuildConfiguration;
			buildSettings = {
				ALWAYS_SEARCH_USER_PATHS = NO;
				CLANG_ANALYZER_NONNULL = YES;
				CLANG_ANALYZER_NUMBER_OBJECT_CONVERSION = YES_AGGRESSIVE;
				CLANG_CXX_LANGUAGE_STANDARD = "gnu++14";
				CLANG_CXX_LIBRARY = "libc++";
				CLANG_ENABLE_MODULES = YES;
				CLANG_ENABLE_OBJC_ARC = YES;
				CLANG_ENABLE_OBJC_WEAK = YES;
				CLANG_WARN_BLOCK_CAPTURE_AUTORELEASING = YES;
				CLANG_WARN_BOOL_CONVERSION = YES;
				CLANG_WARN_COMMA = YES;
				CLANG_WARN_CONSTANT_CONVERSION = YES;
				CLANG_WARN_DEPRECATED_OBJC_IMPLEMENTATIONS = YES;
				CLANG_WARN_DIRECT_OBJC_ISA_USAGE = YES_ERROR;
				CLANG_WARN_DOCUMENTATION_COMMENTS = YES;
				CLANG_WARN_EMPTY_BODY = YES;
				CLANG_WARN_ENUM_CONVERSION = YES;
				CLANG_WARN_INFINITE_RECURSION = YES;
				CLANG_WARN_INT_CONVERSION = YES;
				CLANG_WARN_NON_LITERAL_NULL_CONVERSION = YES;
				CLANG_WARN_OBJC_IMPLICIT_RETAIN_SELF = YES;
				CLANG_WARN_OBJC_LITERAL_CONVERSION = YES;
				CLANG_WARN_OBJC_ROOT_CLASS = YES_ERROR;
				CLANG_WARN_RANGE_LOOP_ANALYSIS = YES;
				CLANG_WARN_STRICT_PROTOTYPES = YES;
				CLANG_WARN_SUSPICIOUS_MOVE = YES;
				CLANG_WARN_UNGUARDED_AVAILABILITY = YES_AGGRESSIVE;
				CLANG_WARN_UNREACHABLE_CODE = YES;
				CLANG_WARN__DUPLICATE_METHOD_MATCH = YES;
				COPY_PHASE_STRIP = NO;
				DEBUG_INFORMATION_FORMAT = dwarf;
				ENABLE_STRICT_OBJC_MSGSEND = YES;
				ENABLE_TESTABILITY = YES;
				GCC_C_LANGUAGE_STANDARD = gnu11;
				GCC_DYNAMIC_NO_PIC = NO;
				GCC_NO_COMMON_BLOCKS = YES;
				GCC_OPTIMIZATION_LEVEL = 0;
				GCC_PREPROCESSOR_DEFINITIONS = (
					"DEBUG=1",
					"$(inherited)",
				);
				GCC_WARN_64_TO_32_BIT_CONVERSION = YES;
				GCC_WARN_ABOUT_RETURN_TYPE = YES_ERROR;
				GCC_WARN_UNDECLARED_SELECTOR = YES;
				GCC_WARN_UNINITIALIZED_AUTOS = YES_AGGRESSIVE;
				GCC_WARN_UNUSED_FUNCTION = YES;
				GCC_WARN_UNUSED_VARIABLE = YES;
				IPHONEOS_DEPLOYMENT_TARGET = 13.2;
				MTL_ENABLE_DEBUG_INFO = INCLUDE_SOURCE;
				MTL_FAST_MATH = YES;
				ONLY_ACTIVE_ARCH = YES;
				SDKROOT = iphoneos;
				SWIFT_ACTIVE_COMPILATION_CONDITIONS = DEBUG;
				SWIFT_OPTIMIZATION_LEVEL = "-Onone";
			};
			name = Debug;
		};
		048A16EA240AB69900F758BA /* Release */ = {
			isa = XCBuildConfiguration;
			buildSettings = {
				ALWAYS_SEARCH_USER_PATHS = NO;
				CLANG_ANALYZER_NONNULL = YES;
				CLANG_ANALYZER_NUMBER_OBJECT_CONVERSION = YES_AGGRESSIVE;
				CLANG_CXX_LANGUAGE_STANDARD = "gnu++14";
				CLANG_CXX_LIBRARY = "libc++";
				CLANG_ENABLE_MODULES = YES;
				CLANG_ENABLE_OBJC_ARC = YES;
				CLANG_ENABLE_OBJC_WEAK = YES;
				CLANG_WARN_BLOCK_CAPTURE_AUTORELEASING = YES;
				CLANG_WARN_BOOL_CONVERSION = YES;
				CLANG_WARN_COMMA = YES;
				CLANG_WARN_CONSTANT_CONVERSION = YES;
				CLANG_WARN_DEPRECATED_OBJC_IMPLEMENTATIONS = YES;
				CLANG_WARN_DIRECT_OBJC_ISA_USAGE = YES_ERROR;
				CLANG_WARN_DOCUMENTATION_COMMENTS = YES;
				CLANG_WARN_EMPTY_BODY = YES;
				CLANG_WARN_ENUM_CONVERSION = YES;
				CLANG_WARN_INFINITE_RECURSION = YES;
				CLANG_WARN_INT_CONVERSION = YES;
				CLANG_WARN_NON_LITERAL_NULL_CONVERSION = YES;
				CLANG_WARN_OBJC_IMPLICIT_RETAIN_SELF = YES;
				CLANG_WARN_OBJC_LITERAL_CONVERSION = YES;
				CLANG_WARN_OBJC_ROOT_CLASS = YES_ERROR;
				CLANG_WARN_RANGE_LOOP_ANALYSIS = YES;
				CLANG_WARN_STRICT_PROTOTYPES = YES;
				CLANG_WARN_SUSPICIOUS_MOVE = YES;
				CLANG_WARN_UNGUARDED_AVAILABILITY = YES_AGGRESSIVE;
				CLANG_WARN_UNREACHABLE_CODE = YES;
				CLANG_WARN__DUPLICATE_METHOD_MATCH = YES;
				COPY_PHASE_STRIP = NO;
				DEBUG_INFORMATION_FORMAT = "dwarf-with-dsym";
				ENABLE_NS_ASSERTIONS = NO;
				ENABLE_STRICT_OBJC_MSGSEND = YES;
				GCC_C_LANGUAGE_STANDARD = gnu11;
				GCC_NO_COMMON_BLOCKS = YES;
				GCC_WARN_64_TO_32_BIT_CONVERSION = YES;
				GCC_WARN_ABOUT_RETURN_TYPE = YES_ERROR;
				GCC_WARN_UNDECLARED_SELECTOR = YES;
				GCC_WARN_UNINITIALIZED_AUTOS = YES_AGGRESSIVE;
				GCC_WARN_UNUSED_FUNCTION = YES;
				GCC_WARN_UNUSED_VARIABLE = YES;
				IPHONEOS_DEPLOYMENT_TARGET = 13.2;
				MTL_ENABLE_DEBUG_INFO = NO;
				MTL_FAST_MATH = YES;
				SDKROOT = iphoneos;
				SWIFT_COMPILATION_MODE = wholemodule;
				SWIFT_OPTIMIZATION_LEVEL = "-O";
				VALIDATE_PRODUCT = YES;
			};
			name = Release;
		};
		048A16EC240AB69900F758BA /* Debug */ = {
			isa = XCBuildConfiguration;
			buildSettings = {
				ASSETCATALOG_COMPILER_APPICON_NAME = AppIcon;
				CODE_SIGN_STYLE = Automatic;
				DEVELOPMENT_TEAM = PW6HFQMW7T;
				INFOPLIST_FILE = AutoLayoutPractive/Info.plist;
				LD_RUNPATH_SEARCH_PATHS = (
					"$(inherited)",
					"@executable_path/Frameworks",
				);
				PRODUCT_BUNDLE_IDENTIFIER = com.example.AutoLayoutPractive;
				PRODUCT_NAME = "$(TARGET_NAME)";
				SWIFT_VERSION = 5.0;
				TARGETED_DEVICE_FAMILY = "1,2";
			};
			name = Debug;
		};
		048A16ED240AB69900F758BA /* Release */ = {
			isa = XCBuildConfiguration;
			buildSettings = {
				ASSETCATALOG_COMPILER_APPICON_NAME = AppIcon;
				CODE_SIGN_STYLE = Automatic;
				DEVELOPMENT_TEAM = PW6HFQMW7T;
				INFOPLIST_FILE = AutoLayoutPractive/Info.plist;
				LD_RUNPATH_SEARCH_PATHS = (
					"$(inherited)",
					"@executable_path/Frameworks",
				);
				PRODUCT_BUNDLE_IDENTIFIER = com.example.AutoLayoutPractive;
				PRODUCT_NAME = "$(TARGET_NAME)";
				SWIFT_VERSION = 5.0;
				TARGETED_DEVICE_FAMILY = "1,2";
			};
			name = Release;
		};
/* End XCBuildConfiguration section */

/* Begin XCConfigurationList section */
		048A16D2240AB69700F758BA /* Build configuration list for PBXProject "AutoLayoutPractive" */ = {
			isa = XCConfigurationList;
			buildConfigurations = (
				048A16E9240AB69900F758BA /* Debug */,
				048A16EA240AB69900F758BA /* Release */,
			);
			defaultConfigurationIsVisible = 0;
			defaultConfigurationName = Release;
		};
		048A16EB240AB69900F758BA /* Build configuration list for PBXNativeTarget "AutoLayoutPractive" */ = {
			isa = XCConfigurationList;
			buildConfigurations = (
				048A16EC240AB69900F758BA /* Debug */,
				048A16ED240AB69900F758BA /* Release */,
			);
			defaultConfigurationIsVisible = 0;
			defaultConfigurationName = Release;
		};
/* End XCConfigurationList section */
	};
	rootObject = 048A16CF240AB69700F758BA /* Project object */;
}
